
Microsoft Visual Studio Solution File, Format Version 12.00
# Visual Studio Version 16
VisualStudioVersion = 16.0.31605.320
MinimumVisualStudioVersion = 10.0.40219.1
Project("{FAE04EC0-301F-11D3-BF4B-00C04F79EFBC}") = "AzureFunctionAppNotify", "AzureFunctionAppNotify.csproj", "{FCFD2CEF-4614-47CB-8928-E10863305E76}"
EndProject
Global
	GlobalSection(SolutionConfigurationPlatforms) = preSolution
		Debug|Any CPU = Debug|Any CPU
		Release|Any CPU = Release|Any CPU
	EndGlobalSection
	GlobalSection(ProjectConfigurationPlatforms) = postSolution
		{FCFD2CEF-4614-47CB-8928-E10863305E76}.Debug|Any CPU.ActiveCfg = Debug|Any CPU
		{FCFD2CEF-4614-47CB-8928-E10863305E76}.Debug|Any CPU.Build.0 = Debug|Any CPU
		{FCFD2CEF-4614-47CB-8928-E10863305E76}.Release|Any CPU.ActiveCfg = Release|Any CPU
		{FCFD2CEF-4614-47CB-8928-E10863305E76}.Release|Any CPU.Build.0 = Release|Any CPU
	EndGlobalSection
	GlobalSection(SolutionProperties) = preSolution
		HideSolutionNode = FALSE
	EndGlobalSection
	GlobalSection(ExtensibilityGlobals) = postSolution
		SolutionGuid = {0F429D97-7B08-4488-AECC-BBF88DEC3B63}
	EndGlobalSection
EndGlobal
